// !$*UTF8*$!
{
	archiveVersion = 1;
	classes = {
	};
	objectVersion = 50;
	objects = {

/* Begin PBXBuildFile section */
		5EFDB3732268F97700660412 /* Reachability.h in Headers */ = {isa = PBXBuildFile; fileRef = 5EFDB3712268F97700660412 /* Reachability.h */; settings = {ATTRIBUTES = (Public, ); }; };
		5EFDB3832268F9FB00660412 /* Notifications+Reachability.swift in Sources */ = {isa = PBXBuildFile; fileRef = 5EFDB37A2268F9FA00660412 /* Notifications+Reachability.swift */; };
		5EFDB3842268F9FB00660412 /* ReachabilityDefaultView.swift in Sources */ = {isa = PBXBuildFile; fileRef = 5EFDB37B2268F9FA00660412 /* ReachabilityDefaultView.swift */; };
		5EFDB3852268F9FB00660412 /* ReachabilityView.swift in Sources */ = {isa = PBXBuildFile; fileRef = 5EFDB37C2268F9FA00660412 /* ReachabilityView.swift */; };
		5EFDB3862268F9FB00660412 /* Reachability.swift in Sources */ = {isa = PBXBuildFile; fileRef = 5EFDB37D2268F9FA00660412 /* Reachability.swift */; };
		5EFDB3872268F9FB00660412 /* ReachabilityManager.swift in Sources */ = {isa = PBXBuildFile; fileRef = 5EFDB37E2268F9FA00660412 /* ReachabilityManager.swift */; };
		5EFDB3882268F9FB00660412 /* UIView+Reachability.swift in Sources */ = {isa = PBXBuildFile; fileRef = 5EFDB37F2268F9FA00660412 /* UIView+Reachability.swift */; };
		5EFDB3892268F9FB00660412 /* Network.swift in Sources */ = {isa = PBXBuildFile; fileRef = 5EFDB3802268F9FB00660412 /* Network.swift */; };
		5EFDB38A2268F9FB00660412 /* Theme.swift in Sources */ = {isa = PBXBuildFile; fileRef = 5EFDB3812268F9FB00660412 /* Theme.swift */; };
		5EFDB38B2268F9FB00660412 /* Reachable.swift in Sources */ = {isa = PBXBuildFile; fileRef = 5EFDB3822268F9FB00660412 /* Reachable.swift */; };
/* End PBXBuildFile section */

/* Begin PBXFileReference section */
		5EFDB36E2268F97700660412 /* Reachability.framework */ = {isa = PBXFileReference; explicitFileType = wrapper.framework; includeInIndex = 0; path = Reachability.framework; sourceTree = BUILT_PRODUCTS_DIR; };
		5EFDB3712268F97700660412 /* Reachability.h */ = {isa = PBXFileReference; lastKnownFileType = sourcecode.c.h; path = Reachability.h; sourceTree = "<group>"; };
		5EFDB3722268F97700660412 /* Info.plist */ = {isa = PBXFileReference; lastKnownFileType = text.plist.xml; path = Info.plist; sourceTree = "<group>"; };
		5EFDB37A2268F9FA00660412 /* Notifications+Reachability.swift */ = {isa = PBXFileReference; fileEncoding = 4; lastKnownFileType = sourcecode.swift; path = "Notifications+Reachability.swift"; sourceTree = "<group>"; };
		5EFDB37B2268F9FA00660412 /* ReachabilityDefaultView.swift */ = {isa = PBXFileReference; fileEncoding = 4; lastKnownFileType = sourcecode.swift; path = ReachabilityDefaultView.swift; sourceTree = "<group>"; };
		5EFDB37C2268F9FA00660412 /* ReachabilityView.swift */ = {isa = PBXFileReference; fileEncoding = 4; lastKnownFileType = sourcecode.swift; path = ReachabilityView.swift; sourceTree = "<group>"; };
		5EFDB37D2268F9FA00660412 /* Reachability.swift */ = {isa = PBXFileReference; fileEncoding = 4; lastKnownFileType = sourcecode.swift; path = Reachability.swift; sourceTree = "<group>"; };
		5EFDB37E2268F9FA00660412 /* ReachabilityManager.swift */ = {isa = PBXFileReference; fileEncoding = 4; lastKnownFileType = sourcecode.swift; path = ReachabilityManager.swift; sourceTree = "<group>"; };
		5EFDB37F2268F9FA00660412 /* UIView+Reachability.swift */ = {isa = PBXFileReference; fileEncoding = 4; lastKnownFileType = sourcecode.swift; path = "UIView+Reachability.swift"; sourceTree = "<group>"; };
		5EFDB3802268F9FB00660412 /* Network.swift */ = {isa = PBXFileReference; fileEncoding = 4; lastKnownFileType = sourcecode.swift; path = Network.swift; sourceTree = "<group>"; };
		5EFDB3812268F9FB00660412 /* Theme.swift */ = {isa = PBXFileReference; fileEncoding = 4; lastKnownFileType = sourcecode.swift; path = Theme.swift; sourceTree = "<group>"; };
		5EFDB3822268F9FB00660412 /* Reachable.swift */ = {isa = PBXFileReference; fileEncoding = 4; lastKnownFileType = sourcecode.swift; path = Reachable.swift; sourceTree = "<group>"; };
/* End PBXFileReference section */

/* Begin PBXFrameworksBuildPhase section */
		5EFDB36B2268F97700660412 /* Frameworks */ = {
			isa = PBXFrameworksBuildPhase;
			buildActionMask = 2147483647;
			files = (
			);
			runOnlyForDeploymentPostprocessing = 0;
		};
/* End PBXFrameworksBuildPhase section */

/* Begin PBXGroup section */
		5EFDB3642268F97700660412 = {
			isa = PBXGroup;
			children = (
				5EFDB3702268F97700660412 /* Reachability */,
				5EFDB36F2268F97700660412 /* Products */,
			);
			sourceTree = "<group>";
		};
		5EFDB36F2268F97700660412 /* Products */ = {
			isa = PBXGroup;
			children = (
				5EFDB36E2268F97700660412 /* Reachability.framework */,
			);
			name = Products;
			sourceTree = "<group>";
		};
		5EFDB3702268F97700660412 /* Reachability */ = {
			isa = PBXGroup;
			children = (
				5EFDB3802268F9FB00660412 /* Network.swift */,
				5EFDB37A2268F9FA00660412 /* Notifications+Reachability.swift */,
				5EFDB37D2268F9FA00660412 /* Reachability.swift */,
				5EFDB37B2268F9FA00660412 /* ReachabilityDefaultView.swift */,
				5EFDB37E2268F9FA00660412 /* ReachabilityManager.swift */,
				5EFDB37C2268F9FA00660412 /* ReachabilityView.swift */,
				5EFDB3822268F9FB00660412 /* Reachable.swift */,
				5EFDB3812268F9FB00660412 /* Theme.swift */,
				5EFDB37F2268F9FA00660412 /* UIView+Reachability.swift */,
				5EFDB38C2268FA9800660412 /* Resources */,
			);
			path = Reachability;
			sourceTree = "<group>";
		};
		5EFDB38C2268FA9800660412 /* Resources */ = {
			isa = PBXGroup;
			children = (
				5EFDB3712268F97700660412 /* Reachability.h */,
				5EFDB3722268F97700660412 /* Info.plist */,
			);
			path = Resources;
			sourceTree = "<group>";
		};
/* End PBXGroup section */

/* Begin PBXHeadersBuildPhase section */
		5EFDB3692268F97700660412 /* Headers */ = {
			isa = PBXHeadersBuildPhase;
			buildActionMask = 2147483647;
			files = (
				5EFDB3732268F97700660412 /* Reachability.h in Headers */,
			);
			runOnlyForDeploymentPostprocessing = 0;
		};
/* End PBXHeadersBuildPhase section */

/* Begin PBXNativeTarget section */
		5EFDB36D2268F97700660412 /* Reachability */ = {
			isa = PBXNativeTarget;
			buildConfigurationList = 5EFDB3762268F97700660412 /* Build configuration list for PBXNativeTarget "Reachability" */;
			buildPhases = (
				5EFDB3692268F97700660412 /* Headers */,
				5EFDB36A2268F97700660412 /* Sources */,
				5EFDB36B2268F97700660412 /* Frameworks */,
				5EFDB36C2268F97700660412 /* Resources */,
			);
			buildRules = (
			);
			dependencies = (
			);
			name = Reachability;
			productName = Reachability;
			productReference = 5EFDB36E2268F97700660412 /* Reachability.framework */;
			productType = "com.apple.product-type.framework";
		};
/* End PBXNativeTarget section */

/* Begin PBXProject section */
		5EFDB3652268F97700660412 /* Project object */ = {
			isa = PBXProject;
			attributes = {
				LastUpgradeCheck = 1020;
				ORGANIZATIONNAME = "Fortytwo Sports";
				TargetAttributes = {
					5EFDB36D2268F97700660412 = {
						CreatedOnToolsVersion = 10.2.1;
						LastSwiftMigration = 1020;
					};
				};
			};
			buildConfigurationList = 5EFDB3682268F97700660412 /* Build configuration list for PBXProject "Reachability" */;
			compatibilityVersion = "Xcode 9.3";
			developmentRegion = en;
			hasScannedForEncodings = 0;
			knownRegions = (
				en,
			);
			mainGroup = 5EFDB3642268F97700660412;
			productRefGroup = 5EFDB36F2268F97700660412 /* Products */;
			projectDirPath = "";
			projectRoot = "";
			targets = (
				5EFDB36D2268F97700660412 /* Reachability */,
			);
		};
/* End PBXProject section */

/* Begin PBXResourcesBuildPhase section */
		5EFDB36C2268F97700660412 /* Resources */ = {
			isa = PBXResourcesBuildPhase;
			buildActionMask = 2147483647;
			files = (
			);
			runOnlyForDeploymentPostprocessing = 0;
		};
/* End PBXResourcesBuildPhase section */

/* Begin PBXSourcesBuildPhase section */
		5EFDB36A2268F97700660412 /* Sources */ = {
			isa = PBXSourcesBuildPhase;
			buildActionMask = 2147483647;
			files = (
				5EFDB38B2268F9FB00660412 /* Reachable.swift in Sources */,
				5EFDB3852268F9FB00660412 /* ReachabilityView.swift in Sources */,
				5EFDB38A2268F9FB00660412 /* Theme.swift in Sources */,
				5EFDB3832268F9FB00660412 /* Notifications+Reachability.swift in Sources */,
				5EFDB3862268F9FB00660412 /* Reachability.swift in Sources */,
				5EFDB3842268F9FB00660412 /* ReachabilityDefaultView.swift in Sources */,
				5EFDB3872268F9FB00660412 /* ReachabilityManager.swift in Sources */,
				5EFDB3892268F9FB00660412 /* Network.swift in Sources */,
				5EFDB3882268F9FB00660412 /* UIView+Reachability.swift in Sources */,
			);
			runOnlyForDeploymentPostprocessing = 0;
		};
/* End PBXSourcesBuildPhase section */

/* Begin XCBuildConfiguration section */
		5EFDB3742268F97700660412 /* Debug */ = {
			isa = XCBuildConfiguration;
			buildSettings = {
				ALWAYS_SEARCH_USER_PATHS = NO;
				CLANG_ANALYZER_NONNULL = YES;
				CLANG_ANALYZER_NUMBER_OBJECT_CONVERSION = YES_AGGRESSIVE;
				CLANG_CXX_LANGUAGE_STANDARD = "gnu++14";
				CLANG_CXX_LIBRARY = "libc++";
				CLANG_ENABLE_MODULES = YES;
				CLANG_ENABLE_OBJC_ARC = YES;
				CLANG_ENABLE_OBJC_WEAK = YES;
				CLANG_WARN_BLOCK_CAPTURE_AUTORELEASING = YES;
				CLANG_WARN_BOOL_CONVERSION = YES;
				CLANG_WARN_COMMA = YES;
				CLANG_WARN_CONSTANT_CONVERSION = YES;
				CLANG_WARN_DEPRECATED_OBJC_IMPLEMENTATIONS = YES;
				CLANG_WARN_DIRECT_OBJC_ISA_USAGE = YES_ERROR;
				CLANG_WARN_DOCUMENTATION_COMMENTS = YES;
				CLANG_WARN_EMPTY_BODY = YES;
				CLANG_WARN_ENUM_CONVERSION = YES;
				CLANG_WARN_INFINITE_RECURSION = YES;
				CLANG_WARN_INT_CONVERSION = YES;
				CLANG_WARN_NON_LITERAL_NULL_CONVERSION = YES;
				CLANG_WARN_OBJC_IMPLICIT_RETAIN_SELF = YES;
				CLANG_WARN_OBJC_LITERAL_CONVERSION = YES;
				CLANG_WARN_OBJC_ROOT_CLASS = YES_ERROR;
				CLANG_WARN_RANGE_LOOP_ANALYSIS = YES;
				CLANG_WARN_STRICT_PROTOTYPES = YES;
				CLANG_WARN_SUSPICIOUS_MOVE = YES;
				CLANG_WARN_UNGUARDED_AVAILABILITY = YES_AGGRESSIVE;
				CLANG_WARN_UNREACHABLE_CODE = YES;
				CLANG_WARN__DUPLICATE_METHOD_MATCH = YES;
				CODE_SIGN_IDENTITY = "iPhone Developer";
				COPY_PHASE_STRIP = NO;
				CURRENT_PROJECT_VERSION = 1;
				DEBUG_INFORMATION_FORMAT = dwarf;
				ENABLE_STRICT_OBJC_MSGSEND = YES;
				ENABLE_TESTABILITY = YES;
				GCC_C_LANGUAGE_STANDARD = gnu11;
				GCC_DYNAMIC_NO_PIC = NO;
				GCC_NO_COMMON_BLOCKS = YES;
				GCC_OPTIMIZATION_LEVEL = 0;
				GCC_PREPROCESSOR_DEFINITIONS = (
					"DEBUG=1",
					"$(inherited)",
				);
				GCC_WARN_64_TO_32_BIT_CONVERSION = YES;
				GCC_WARN_ABOUT_RETURN_TYPE = YES_ERROR;
				GCC_WARN_UNDECLARED_SELECTOR = YES;
				GCC_WARN_UNINITIALIZED_AUTOS = YES_AGGRESSIVE;
				GCC_WARN_UNUSED_FUNCTION = YES;
				GCC_WARN_UNUSED_VARIABLE = YES;
				IPHONEOS_DEPLOYMENT_TARGET = 12.2;
				MTL_ENABLE_DEBUG_INFO = INCLUDE_SOURCE;
				MTL_FAST_MATH = YES;
				ONLY_ACTIVE_ARCH = YES;
				SDKROOT = iphoneos;
				SWIFT_ACTIVE_COMPILATION_CONDITIONS = DEBUG;
				SWIFT_OPTIMIZATION_LEVEL = "-Onone";
				VERSIONING_SYSTEM = "apple-generic";
				VERSION_INFO_PREFIX = "";
			};
			name = Debug;
		};
		5EFDB3752268F97700660412 /* Release */ = {
			isa = XCBuildConfiguration;
			buildSettings = {
				ALWAYS_SEARCH_USER_PATHS = NO;
				CLANG_ANALYZER_NONNULL = YES;
				CLANG_ANALYZER_NUMBER_OBJECT_CONVERSION = YES_AGGRESSIVE;
				CLANG_CXX_LANGUAGE_STANDARD = "gnu++14";
				CLANG_CXX_LIBRARY = "libc++";
				CLANG_ENABLE_MODULES = YES;
				CLANG_ENABLE_OBJC_ARC = YES;
				CLANG_ENABLE_OBJC_WEAK = YES;
				CLANG_WARN_BLOCK_CAPTURE_AUTORELEASING = YES;
				CLANG_WARN_BOOL_CONVERSION = YES;
				CLANG_WARN_COMMA = YES;
				CLANG_WARN_CONSTANT_CONVERSION = YES;
				CLANG_WARN_DEPRECATED_OBJC_IMPLEMENTATIONS = YES;
				CLANG_WARN_DIRECT_OBJC_ISA_USAGE = YES_ERROR;
				CLANG_WARN_DOCUMENTATION_COMMENTS = YES;
				CLANG_WARN_EMPTY_BODY = YES;
				CLANG_WARN_ENUM_CONVERSION = YES;
				CLANG_WARN_INFINITE_RECURSION = YES;
				CLANG_WARN_INT_CONVERSION = YES;
				CLANG_WARN_NON_LITERAL_NULL_CONVERSION = YES;
				CLANG_WARN_OBJC_IMPLICIT_RETAIN_SELF = YES;
				CLANG_WARN_OBJC_LITERAL_CONVERSION = YES;
				CLANG_WARN_OBJC_ROOT_CLASS = YES_ERROR;
				CLANG_WARN_RANGE_LOOP_ANALYSIS = YES;
				CLANG_WARN_STRICT_PROTOTYPES = YES;
				CLANG_WARN_SUSPICIOUS_MOVE = YES;
				CLANG_WARN_UNGUARDED_AVAILABILITY = YES_AGGRESSIVE;
				CLANG_WARN_UNREACHABLE_CODE = YES;
				CLANG_WARN__DUPLICATE_METHOD_MATCH = YES;
				CODE_SIGN_IDENTITY = "iPhone Developer";
				COPY_PHASE_STRIP = NO;
				CURRENT_PROJECT_VERSION = 1;
				DEBUG_INFORMATION_FORMAT = "dwarf-with-dsym";
				ENABLE_NS_ASSERTIONS = NO;
				ENABLE_STRICT_OBJC_MSGSEND = YES;
				GCC_C_LANGUAGE_STANDARD = gnu11;
				GCC_NO_COMMON_BLOCKS = YES;
				GCC_WARN_64_TO_32_BIT_CONVERSION = YES;
				GCC_WARN_ABOUT_RETURN_TYPE = YES_ERROR;
				GCC_WARN_UNDECLARED_SELECTOR = YES;
				GCC_WARN_UNINITIALIZED_AUTOS = YES_AGGRESSIVE;
				GCC_WARN_UNUSED_FUNCTION = YES;
				GCC_WARN_UNUSED_VARIABLE = YES;
				IPHONEOS_DEPLOYMENT_TARGET = 12.2;
				MTL_ENABLE_DEBUG_INFO = NO;
				MTL_FAST_MATH = YES;
				SDKROOT = iphoneos;
				SWIFT_COMPILATION_MODE = wholemodule;
				SWIFT_OPTIMIZATION_LEVEL = "-O";
				VALIDATE_PRODUCT = YES;
				VERSIONING_SYSTEM = "apple-generic";
				VERSION_INFO_PREFIX = "";
			};
			name = Release;
		};
		5EFDB3772268F97700660412 /* Debug */ = {
			isa = XCBuildConfiguration;
			buildSettings = {
				CLANG_ENABLE_MODULES = YES;
				CODE_SIGN_IDENTITY = "";
				CODE_SIGN_STYLE = Automatic;
				DEFINES_MODULE = YES;
				DEVELOPMENT_TEAM = 89G382F4AH;
				DYLIB_COMPATIBILITY_VERSION = 1;
				DYLIB_CURRENT_VERSION = 1;
				DYLIB_INSTALL_NAME_BASE = "@rpath";
				INFOPLIST_FILE = Reachability/Info.plist;
				INSTALL_PATH = "$(LOCAL_LIBRARY_DIR)/Frameworks";
				LD_RUNPATH_SEARCH_PATHS = (
					"$(inherited)",
					"@executable_path/Frameworks",
					"@loader_path/Frameworks",
				);
				PRODUCT_BUNDLE_IDENTIFIER = com.Reachability;
				PRODUCT_NAME = "$(TARGET_NAME:c99extidentifier)";
				SKIP_INSTALL = YES;
				SWIFT_OPTIMIZATION_LEVEL = "-Onone";
				SWIFT_VERSION = 5.0;
				TARGETED_DEVICE_FAMILY = "1,2";
			};
			name = Debug;
		};
		5EFDB3782268F97700660412 /* Release */ = {
			isa = XCBuildConfiguration;
			buildSettings = {
				CLANG_ENABLE_MODULES = YES;
				CODE_SIGN_IDENTITY = "";
				CODE_SIGN_STYLE = Automatic;
				DEFINES_MODULE = YES;
				DEVELOPMENT_TEAM = 89G382F4AH;
				DYLIB_COMPATIBILITY_VERSION = 1;
				DYLIB_CURRENT_VERSION = 1;
				DYLIB_INSTALL_NAME_BASE = "@rpath";
				INFOPLIST_FILE = Reachability/Info.plist;
				INSTALL_PATH = "$(LOCAL_LIBRARY_DIR)/Frameworks";
				LD_RUNPATH_SEARCH_PATHS = (
					"$(inherited)",
					"@executable_path/Frameworks",
					"@loader_path/Frameworks",
				);
				PRODUCT_BUNDLE_IDENTIFIER = com.Reachability;
				PRODUCT_NAME = "$(TARGET_NAME:c99extidentifier)";
				SKIP_INSTALL = YES;
				SWIFT_VERSION = 5.0;
				TARGETED_DEVICE_FAMILY = "1,2";
			};
			name = Release;
		};
/* End XCBuildConfiguration section */

/* Begin XCConfigurationList section */
		5EFDB3682268F97700660412 /* Build configuration list for PBXProject "Reachability" */ = {
			isa = XCConfigurationList;
			buildConfigurations = (
				5EFDB3742268F97700660412 /* Debug */,
				5EFDB3752268F97700660412 /* Release */,
			);
			defaultConfigurationIsVisible = 0;
			defaultConfigurationName = Release;
		};
		5EFDB3762268F97700660412 /* Build configuration list for PBXNativeTarget "Reachability" */ = {
			isa = XCConfigurationList;
			buildConfigurations = (
				5EFDB3772268F97700660412 /* Debug */,
				5EFDB3782268F97700660412 /* Release */,
			);
			defaultConfigurationIsVisible = 0;
			defaultConfigurationName = Release;
		};
/* End XCConfigurationList section */
	};
	rootObject = 5EFDB3652268F97700660412 /* Project object */;
}
